
Microsoft Visual Studio Solution File, Format Version 12.00
# Visual Studio Version 17
VisualStudioVersion = 17.3.32901.215
MinimumVisualStudioVersion = 10.0.40219.1
Project("{FAE04EC0-301F-11D3-BF4B-00C04F79EFBC}") = "Demo", "Demo\Demo.csproj", "{A4FB49AB-0C86-4DCA-B9C3-68E5CA444D92}"
EndProject
Project("{FAE04EC0-301F-11D3-BF4B-00C04F79EFBC}") = "TextEmoji", "TextEmoji\TextEmoji.csproj", "{8A7244DC-9501-4DAC-BD38-D1EFD41DF42C}"
EndProject
Global
	GlobalSection(SolutionConfigurationPlatforms) = preSolution
		Debug|Any CPU = Debug|Any CPU
		Release|Any CPU = Release|Any CPU
	EndGlobalSection
	GlobalSection(ProjectConfigurationPlatforms) = postSolution
		{A4FB49AB-0C86-4DCA-B9C3-68E5CA444D92}.Debug|Any CPU.ActiveCfg = Debug|Any CPU
		{A4FB49AB-0C86-4DCA-B9C3-68E5CA444D92}.Debug|Any CPU.Build.0 = Debug|Any CPU
		{A4FB49AB-0C86-4DCA-B9C3-68E5CA444D92}.Release|Any CPU.ActiveCfg = Release|Any CPU
		{A4FB49AB-0C86-4DCA-B9C3-68E5CA444D92}.Release|Any CPU.Build.0 = Release|Any CPU
		{8A7244DC-9501-4DAC-BD38-D1EFD41DF42C}.Debug|Any CPU.ActiveCfg = Debug|Any CPU
		{8A7244DC-9501-4DAC-BD38-D1EFD41DF42C}.Debug|Any CPU.Build.0 = Debug|Any CPU
		{8A7244DC-9501-4DAC-BD38-D1EFD41DF42C}.Release|Any CPU.ActiveCfg = Release|Any CPU
		{8A7244DC-9501-4DAC-BD38-D1EFD41DF42C}.Release|Any CPU.Build.0 = Release|Any CPU
	EndGlobalSection
	GlobalSection(SolutionProperties) = preSolution
		HideSolutionNode = FALSE
	EndGlobalSection
	GlobalSection(ExtensibilityGlobals) = postSolution
		SolutionGuid = {C6140D57-76AA-419A-9B74-C54657930205}
	EndGlobalSection
EndGlobal
